
Microsoft Visual Studio Solution File, Format Version 12.00
# Visual Studio Version 16
VisualStudioVersion = 16.0.31424.327
MinimumVisualStudioVersion = 10.0.40219.1
Project("{FAE04EC0-301F-11D3-BF4B-00C04F79EFBC}") = "Funcionario2", "Funcionario2\Funcionario2.csproj", "{F8E1D981-0DEE-4446-8CA3-DA93AF9E7319}"
EndProject
Global
	GlobalSection(SolutionConfigurationPlatforms) = preSolution
		Debug|Any CPU = Debug|Any CPU
		Release|Any CPU = Release|Any CPU
	EndGlobalSection
	GlobalSection(ProjectConfigurationPlatforms) = postSolution
		{F8E1D981-0DEE-4446-8CA3-DA93AF9E7319}.Debug|Any CPU.ActiveCfg = Debug|Any CPU
		{F8E1D981-0DEE-4446-8CA3-DA93AF9E7319}.Debug|Any CPU.Build.0 = Debug|Any CPU
		{F8E1D981-0DEE-4446-8CA3-DA93AF9E7319}.Release|Any CPU.ActiveCfg = Release|Any CPU
		{F8E1D981-0DEE-4446-8CA3-DA93AF9E7319}.Release|Any CPU.Build.0 = Release|Any CPU
	EndGlobalSection
	GlobalSection(SolutionProperties) = preSolution
		HideSolutionNode = FALSE
	EndGlobalSection
	GlobalSection(ExtensibilityGlobals) = postSolution
		SolutionGuid = {E4CE2FF1-A166-4CA3-860A-3E7D379B64EE}
	EndGlobalSection
EndGlobal
